
Microsoft Visual Studio Solution File, Format Version 12.00
# Visual Studio Version 17
VisualStudioVersion = 17.14.36109.1
MinimumVisualStudioVersion = 10.0.40219.1
Project("{FAE04EC0-301F-11D3-BF4B-00C04F79EFBC}") = "dotnet.console", "dotnet.console\dotnet.console.csproj", "{0F526C90-261A-4A13-BFF9-37B9FBE18722}"
EndProject
Project("{FAE04EC0-301F-11D3-BF4B-00C04F79EFBC}") = "dotnet.webapi", "dotnet.webapi\dotnet.webapi.csproj", "{AA706BED-39F8-44C0-B142-372EA467A302}"
EndProject
Project("{FAE04EC0-301F-11D3-BF4B-00C04F79EFBC}") = "dotnet.grpc", "dotnet.grpc\dotnet.grpc.csproj", "{EA2EFDB6-CC63-42CA-9BEE-9E7F6C431C49}"
EndProject
Global
	GlobalSection(SolutionConfigurationPlatforms) = preSolution
		Debug|Any CPU = Debug|Any CPU
		Release|Any CPU = Release|Any CPU
	EndGlobalSection
	GlobalSection(ProjectConfigurationPlatforms) = postSolution
		{0F526C90-261A-4A13-BFF9-37B9FBE18722}.Debug|Any CPU.ActiveCfg = Debug|Any CPU
		{0F526C90-261A-4A13-BFF9-37B9FBE18722}.Debug|Any CPU.Build.0 = Debug|Any CPU
		{0F526C90-261A-4A13-BFF9-37B9FBE18722}.Release|Any CPU.ActiveCfg = Release|Any CPU
		{0F526C90-261A-4A13-BFF9-37B9FBE18722}.Release|Any CPU.Build.0 = Release|Any CPU
		{AA706BED-39F8-44C0-B142-372EA467A302}.Debug|Any CPU.ActiveCfg = Debug|Any CPU
		{AA706BED-39F8-44C0-B142-372EA467A302}.Debug|Any CPU.Build.0 = Debug|Any CPU
		{AA706BED-39F8-44C0-B142-372EA467A302}.Release|Any CPU.ActiveCfg = Release|Any CPU
		{AA706BED-39F8-44C0-B142-372EA467A302}.Release|Any CPU.Build.0 = Release|Any CPU
		{EA2EFDB6-CC63-42CA-9BEE-9E7F6C431C49}.Debug|Any CPU.ActiveCfg = Debug|Any CPU
		{EA2EFDB6-CC63-42CA-9BEE-9E7F6C431C49}.Debug|Any CPU.Build.0 = Debug|Any CPU
		{EA2EFDB6-CC63-42CA-9BEE-9E7F6C431C49}.Release|Any CPU.ActiveCfg = Release|Any CPU
		{EA2EFDB6-CC63-42CA-9BEE-9E7F6C431C49}.Release|Any CPU.Build.0 = Release|Any CPU
	EndGlobalSection
	GlobalSection(SolutionProperties) = preSolution
		HideSolutionNode = FALSE
	EndGlobalSection
	GlobalSection(ExtensibilityGlobals) = postSolution
		SolutionGuid = {6C7487C4-EE8A-4217-AA72-3B49014DFBE7}
	EndGlobalSection
EndGlobal
